{
  "version": 1,
  "dependencies": {
    "net8.0": {
      "Azure.Bicep.Types": {
        "type": "Direct",
        "requested": "[0.5.110, )",
        "resolved": "0.5.110",
        "contentHash": "TDnw+a21qLw5Q89FxhZZYuNBIMCiT0n4Eq+bfpgrKn7vjHSyVKOc/3ipKsqHkifHqGEXx3++DY23FC8PmKHg7Q==",
        "dependencies": {
          "System.Text.Json": "8.0.5"
        }
      },
      "CommandLineParser": {
        "type": "Direct",
        "requested": "[2.9.1, )",
        "resolved": "2.9.1",
        "contentHash": "OE0sl1/sQ37bjVsPKKtwQlWDgqaxWgtme3xZz7JssWUzg5JpMIyHgCTY9MVMxOg48fJ1AgGT3tgdH5m/kQ5xhA=="
      },
      "Microsoft.CodeAnalysis.BannedApiAnalyzers": {
        "type": "Direct",
        "requested": "[3.3.4, )",
        "resolved": "3.3.4",
        "contentHash": "0k2Jwpc8eq0hjOtX6TxRkHm9clkJ2PAQ3heEHgqIJZcsfdFosC/iyz18nsgTVDDWpID80rC7aiYK7ripx+Qndg=="
      },
      "Microsoft.SourceLink.GitHub": {
        "type": "Direct",
        "requested": "[8.0.0, )",
        "resolved": "8.0.0",
        "contentHash": "G5q7OqtwIyGTkeIOAc3u2ZuV/kicQaec5EaRnc0pIeSnh9LUjj+PYQrJYBURvDt7twGl2PKA7nSN0kz1Zw5bnQ==",
        "dependencies": {
          "Microsoft.Build.Tasks.Git": "8.0.0",
          "Microsoft.SourceLink.Common": "8.0.0"
        }
      },
      "Nerdbank.GitVersioning": {
        "type": "Direct",
        "requested": "[3.7.115, )",
        "resolved": "3.7.115",
        "contentHash": "EpXamaAdRfG/BMxGgvZlTM0npRnkmXUjAj8OdNKd17t4oN+2nvjdv/KnFmzOOMDqvlwB49UCwtOHJrAQTfUBtQ=="
      },
      "System.IO.Abstractions": {
        "type": "Direct",
        "requested": "[21.2.8, )",
        "resolved": "21.2.8",
        "contentHash": "kgu2kRfPVf50c0Tp5EMEiY6NtbNOIZlNgWW83LIKFCbo+d0WXPygAF+1fjBzmWjebKiIF5KClIXlA7qTOfZBDg==",
        "dependencies": {
          "TestableIO.System.IO.Abstractions": "21.2.8",
          "TestableIO.System.IO.Abstractions.Wrappers": "21.2.8"
        }
      },
      "Microsoft.Build.Tasks.Git": {
        "type": "Transitive",
        "resolved": "8.0.0",
        "contentHash": "bZKfSIKJRXLTuSzLudMFte/8CempWjVamNUR5eHJizsy+iuOuO/k2gnh7W0dHJmYY0tBf+gUErfluCv5mySAOQ=="
      },
      "Microsoft.SourceLink.Common": {
        "type": "Transitive",
        "resolved": "8.0.0",
        "contentHash": "dk9JPxTCIevS75HyEQ0E4OVAFhB2N+V9ShCXf8Q6FkUQZDkgLI12y679Nym1YqsiSysuQskT7Z+6nUf3yab6Vw=="
      },
      "System.Text.Json": {
        "type": "Transitive",
        "resolved": "8.0.5",
        "contentHash": "0f1B50Ss7rqxXiaBJyzUu9bWFOO2/zSlifZ/UNMdiIpDYe4cY4LQQicP4nirK1OS31I43rn062UIJ1Q9bpmHpg=="
      },
      "TestableIO.System.IO.Abstractions": {
        "type": "Transitive",
        "resolved": "21.2.8",
        "contentHash": "YCf4D/Jp9JDaCmrAvVOuQjNUc/vqE3jagvlkv1I4lX6fUZZMWjjuh2PXFBomLFvUbHCGXeC2RR8/7tGx7xDLYw=="
      },
      "TestableIO.System.IO.Abstractions.Wrappers": {
        "type": "Transitive",
        "resolved": "21.2.8",
        "contentHash": "hvB1myOVVJVCWz2z3IthtJv3R48k3HHZKQqisy6ZNBNz6s8ziJS7JAzCeBFmTyzTQjamELprKk6R9TLFzsCZ5Q==",
        "dependencies": {
          "TestableIO.System.IO.Abstractions": "21.2.8"
        }
      }
    }
  }
}