{
  "version": 1,
  "dependencies": {
    "net8.0": {
      "Azure.Bicep.Types.Az": {
        "type": "Direct",
        "requested": "[0.2.727, )",
        "resolved": "0.2.727",
        "contentHash": "qgjmuu+6S15paLyFyFw9UXWMXKaS64tcNmKBT7b8NQ/smnP2FEgMN7A+CyZ7iP/ogTpjBRCry96wJfiMnuQ6aw==",
        "dependencies": {
          "Azure.Bicep.Types": "0.5.110"
        }
      },
      "DiffPlex": {
        "type": "Direct",
        "requested": "[1.7.2, )",
        "resolved": "1.7.2",
        "contentHash": "qJEjdxEDBWSFZGB8paBB9HDeJXHGlHlOXeGX3kbTuXWuOsgv2iSAEOOzo5V1/B39Vcxr9IVVrNKewRcX+rsn4g=="
      },
      "FluentAssertions": {
        "type": "Direct",
        "requested": "[7.0.0, )",
        "resolved": "7.0.0",
        "contentHash": "mTLbcU991EQ1SEmNbVBaGGGJy0YFzvGd1sYJGNZ07nlPKuyHSn1I22aeKzqQXgEiaKyRO6MSCto9eN9VxMwBdA==",
        "dependencies": {
          "System.Configuration.ConfigurationManager": "6.0.0"
        }
      },
      "JsonDiffPatch.Net": {
        "type": "Direct",
        "requested": "[2.4.0, )",
        "resolved": "2.4.0",
        "contentHash": "G7aBpHomgAKockKB6478QoTU7J93Qe/8xUCDl7WK7OfkKH58hX5QHLFhQ2noxkvHOlIOl4BLP9GhV0wH60zkXQ==",
        "dependencies": {
          "Newtonsoft.Json": "13.0.2"
        }
      },
      "Microsoft.CodeAnalysis.BannedApiAnalyzers": {
        "type": "Direct",
        "requested": "[3.3.4, )",
        "resolved": "3.3.4",
        "contentHash": "0k2Jwpc8eq0hjOtX6TxRkHm9clkJ2PAQ3heEHgqIJZcsfdFosC/iyz18nsgTVDDWpID80rC7aiYK7ripx+Qndg=="
      },
      "Microsoft.NET.Test.Sdk": {
        "type": "Direct",
        "requested": "[17.13.0, )",
        "resolved": "17.13.0",
        "contentHash": "W19wCPizaIC9Zh47w8wWI/yxuqR7/dtABwOrc8r2jX/8mUNxM2vw4fXDh+DJTeogxV+KzKwg5jNNGQVwf3LXyA==",
        "dependencies": {
          "Microsoft.CodeCoverage": "17.13.0",
          "Microsoft.TestPlatform.TestHost": "17.13.0"
        }
      },
      "Microsoft.SourceLink.GitHub": {
        "type": "Direct",
        "requested": "[8.0.0, )",
        "resolved": "8.0.0",
        "contentHash": "G5q7OqtwIyGTkeIOAc3u2ZuV/kicQaec5EaRnc0pIeSnh9LUjj+PYQrJYBURvDt7twGl2PKA7nSN0kz1Zw5bnQ==",
        "dependencies": {
          "Microsoft.Build.Tasks.Git": "8.0.0",
          "Microsoft.SourceLink.Common": "8.0.0"
        }
      },
      "MSTest": {
        "type": "Direct",
        "requested": "[3.10.1, )",
        "resolved": "3.10.1",
        "contentHash": "iXVCm7J/BQTVZMyU3LSlcDfvZrD/nSYrJgwmWYV9EoEPDuWujTZV+SAL2pb5kx9/tXZyalrtJx1af4PCumV5TQ==",
        "dependencies": {
          "MSTest.Analyzers": "3.10.1",
          "MSTest.TestAdapter": "3.10.1",
          "MSTest.TestFramework": "3.10.1",
          "Microsoft.NET.Test.Sdk": "17.13.0",
          "Microsoft.Testing.Extensions.CodeCoverage": "17.14.2",
          "Microsoft.Testing.Extensions.TrxReport": "1.8.1"
        }
      },
      "Nerdbank.GitVersioning": {
        "type": "Direct",
        "requested": "[3.7.115, )",
        "resolved": "3.7.115",
        "contentHash": "EpXamaAdRfG/BMxGgvZlTM0npRnkmXUjAj8OdNKd17t4oN+2nvjdv/KnFmzOOMDqvlwB49UCwtOHJrAQTfUBtQ=="
      },
      "Azure.Bicep.Types": {
        "type": "Transitive",
        "resolved": "0.5.110",
        "contentHash": "TDnw+a21qLw5Q89FxhZZYuNBIMCiT0n4Eq+bfpgrKn7vjHSyVKOc/3ipKsqHkifHqGEXx3++DY23FC8PmKHg7Q==",
        "dependencies": {
          "System.Text.Json": "8.0.5"
        }
      },
      "Microsoft.ApplicationInsights": {
        "type": "Transitive",
        "resolved": "2.23.0",
        "contentHash": "nWArUZTdU7iqZLycLKWe0TDms48KKGE6pONH2terYNa8REXiqixrMOkf1sk5DHGMaUTqONU2YkS4SAXBhLStgw==",
        "dependencies": {
          "System.Diagnostics.DiagnosticSource": "5.0.0"
        }
      },
      "Microsoft.Build.Tasks.Git": {
        "type": "Transitive",
        "resolved": "8.0.0",
        "contentHash": "bZKfSIKJRXLTuSzLudMFte/8CempWjVamNUR5eHJizsy+iuOuO/k2gnh7W0dHJmYY0tBf+gUErfluCv5mySAOQ=="
      },
      "Microsoft.CodeCoverage": {
        "type": "Transitive",
        "resolved": "17.13.0",
        "contentHash": "9LIUy0y+DvUmEPtbRDw6Bay3rzwqFV8P4efTrK4CZhQle3M/QwLPjISghfcolmEGAPWxuJi6m98ZEfk4VR4Lfg=="
      },
      "Microsoft.DiaSymReader": {
        "type": "Transitive",
        "resolved": "2.0.0",
        "contentHash": "QcZrCETsBJqy/vQpFtJc+jSXQ0K5sucQ6NUFbTNVHD4vfZZOwjZ/3sBzczkC4DityhD3AVO/+K/+9ioLs1AgRA=="
      },
      "Microsoft.Extensions.DependencyModel": {
        "type": "Transitive",
        "resolved": "6.0.2",
        "contentHash": "HS5YsudCGSVoCVdsYJ5FAO9vx0z04qSAXgVzpDJSQ1/w/X9q8hrQVGU2p+Yfui+2KcXLL+Zjc0SX3yJWtBmYiw==",
        "dependencies": {
          "System.Buffers": "4.5.1",
          "System.Memory": "4.5.4",
          "System.Runtime.CompilerServices.Unsafe": "6.0.0",
          "System.Text.Encodings.Web": "6.0.1",
          "System.Text.Json": "6.0.11"
        }
      },
      "Microsoft.SourceLink.Common": {
        "type": "Transitive",
        "resolved": "8.0.0",
        "contentHash": "dk9JPxTCIevS75HyEQ0E4OVAFhB2N+V9ShCXf8Q6FkUQZDkgLI12y679Nym1YqsiSysuQskT7Z+6nUf3yab6Vw=="
      },
      "Microsoft.Testing.Extensions.CodeCoverage": {
        "type": "Transitive",
        "resolved": "17.14.2",
        "contentHash": "lCz1/FMGM8yf4UZh+yJL6ETvH78e7/NblWbK2/Lb6z02iiOtExea3hBQKX+vrq6vBo2o6ZCiYceOGq0t07PLkQ==",
        "dependencies": {
          "Microsoft.DiaSymReader": "2.0.0",
          "Microsoft.Extensions.DependencyModel": "6.0.2",
          "Microsoft.Testing.Platform": "1.6.2",
          "System.Reflection.Metadata": "8.0.0"
        }
      },
      "Microsoft.Testing.Extensions.Telemetry": {
        "type": "Transitive",
        "resolved": "1.8.1",
        "contentHash": "+z3bCmE5pNTlKDoib00AdkYOOra2xhrwFbuzsnu+THuEGJR+E/u+b5XSTdkVq8SHgtkDFqAh5lFgipUGQCi5ig==",
        "dependencies": {
          "Microsoft.ApplicationInsights": "2.23.0",
          "Microsoft.Testing.Platform": "1.8.1"
        }
      },
      "Microsoft.Testing.Extensions.TrxReport": {
        "type": "Transitive",
        "resolved": "1.8.1",
        "contentHash": "SMR4fCIHtCG7PbIVNZC4R33TpgyvCx3YBKzEhQKedwq9bw4QE9eMok+a7ectvPA3Ga4qvcTeP1pkoeq4GjGTrQ==",
        "dependencies": {
          "Microsoft.Testing.Extensions.TrxReport.Abstractions": "1.8.1",
          "Microsoft.Testing.Platform": "1.8.1"
        }
      },
      "Microsoft.Testing.Extensions.TrxReport.Abstractions": {
        "type": "Transitive",
        "resolved": "1.8.1",
        "contentHash": "Z7JGDf/hA89BMhDdQG6351ItKUC5V2ISBRLw0PozL+OuWqbzrXiVbGm/YJXMj2Z4KCqIBT2K+GEC07rpNQv7ew==",
        "dependencies": {
          "Microsoft.Testing.Platform": "1.8.1"
        }
      },
      "Microsoft.Testing.Extensions.VSTestBridge": {
        "type": "Transitive",
        "resolved": "1.8.1",
        "contentHash": "2lu9NqH0YGtkhGvgeDrR9R5u97PlT5/E3Ix5l3McxnUU/e7yGK3UJOt/ukKWoQsppsJDAOW2CTrqgYTnFPR0Pw==",
        "dependencies": {
          "Microsoft.TestPlatform.AdapterUtilities": "17.13.0",
          "Microsoft.TestPlatform.ObjectModel": "17.13.0",
          "Microsoft.Testing.Extensions.Telemetry": "1.8.1",
          "Microsoft.Testing.Extensions.TrxReport.Abstractions": "1.8.1",
          "Microsoft.Testing.Platform": "1.8.1"
        }
      },
      "Microsoft.Testing.Platform": {
        "type": "Transitive",
        "resolved": "1.8.1",
        "contentHash": "Nb2F/2nZBn7+81HRmICCrJXjpCQny+cG2l/rW81mApHKbf+nDeydo44PYFwGMYz2ZuNnIWB96qvI5Uy4l69ceQ=="
      },
      "Microsoft.Testing.Platform.MSBuild": {
        "type": "Transitive",
        "resolved": "1.8.1",
        "contentHash": "khxIgxLPgsnq6R0bVh7z7QBzUCjlj+pFkYmHVPzSbzxRdF0xijqRZW8K/z2Ai0XoY1Qp2b7Tf4zEeOoXrpZeaw==",
        "dependencies": {
          "Microsoft.Testing.Platform": "1.8.1"
        }
      },
      "Microsoft.TestPlatform.AdapterUtilities": {
        "type": "Transitive",
        "resolved": "17.13.0",
        "contentHash": "bFZ3uAhosdXjyXKURDQy37fPosCJQwedB5DG/SzsXL1QXsrfsIYty2kQMqCRRUqm8sBZBRHWRp4BT9SmpWXcKQ=="
      },
      "Microsoft.TestPlatform.ObjectModel": {
        "type": "Transitive",
        "resolved": "17.13.0",
        "contentHash": "bt0E0Dx+iqW97o4A59RCmUmz/5NarJ7LRL+jXbSHod72ibL5XdNm1Ke+UO5tFhBG4VwHLcSjqq9BUSblGNWamw==",
        "dependencies": {
          "System.Reflection.Metadata": "1.6.0"
        }
      },
      "Microsoft.TestPlatform.TestHost": {
        "type": "Transitive",
        "resolved": "17.13.0",
        "contentHash": "9GGw08Dc3AXspjekdyTdZ/wYWFlxbgcF0s7BKxzVX+hzAwpifDOdxM+ceVaaJSQOwqt3jtuNlHn3XTpKUS9x9Q==",
        "dependencies": {
          "Microsoft.TestPlatform.ObjectModel": "17.13.0",
          "Newtonsoft.Json": "13.0.1"
        }
      },
      "Microsoft.Win32.SystemEvents": {
        "type": "Transitive",
        "resolved": "6.0.0",
        "contentHash": "hqTM5628jSsQiv+HGpiq3WKBl2c8v1KZfby2J6Pr7pEPlK9waPdgEO6b8A/+/xn/yZ9ulv8HuqK71ONy2tg67A=="
      },
      "MSTest.Analyzers": {
        "type": "Transitive",
        "resolved": "3.10.1",
        "contentHash": "OcXiLNIXsJ9J/zlgvjnwnQ9tRH7zGzYVvbtS+w/YPSwlpEr0455p69yjTWQ8jNHqK7wn9JatOhtPPRfhYK0Y6w=="
      },
      "MSTest.TestAdapter": {
        "type": "Transitive",
        "resolved": "3.10.1",
        "contentHash": "5kEgI2extjbTssFL/91P5AorZmplclthPTNEj0j60K/kwKnHba0fmdH+btMUOJSAm/XZI/AE7xz/SjGhruEayw==",
        "dependencies": {
          "Microsoft.Testing.Extensions.VSTestBridge": "1.8.1",
          "Microsoft.Testing.Platform.MSBuild": "1.8.1"
        }
      },
      "MSTest.TestFramework": {
        "type": "Transitive",
        "resolved": "3.10.1",
        "contentHash": "G+OBqUGOSxo+2rv+mTK+nOK0rESYUjJNhU+GsPnqEqGQdd5u8wGzs2TpoY1CLavaEzUsw0cHALl+j52QpvGMBA==",
        "dependencies": {
          "MSTest.Analyzers": "3.10.1"
        }
      },
      "Newtonsoft.Json": {
        "type": "Transitive",
        "resolved": "13.0.2",
        "contentHash": "R2pZ3B0UjeyHShm9vG+Tu0EBb2lC8b0dFzV9gVn50ofHXh9Smjk6kTn7A/FdAsC8B5cKib1OnGYOXxRBz5XQDg=="
      },
      "System.Buffers": {
        "type": "Transitive",
        "resolved": "4.5.1",
        "contentHash": "Rw7ijyl1qqRS0YQD/WycNst8hUUMgrMH4FCn1nNm27M4VxchZ1js3fVjQaANHO5f3sN4isvP4a+Met9Y4YomAg=="
      },
      "System.Collections.Immutable": {
        "type": "Transitive",
        "resolved": "8.0.0",
        "contentHash": "AurL6Y5BA1WotzlEvVaIDpqzpIPvYnnldxru8oXJU2yFxFUy3+pNXjXd1ymO+RA0rq0+590Q8gaz2l3Sr7fmqg=="
      },
      "System.Configuration.ConfigurationManager": {
        "type": "Transitive",
        "resolved": "6.0.0",
        "contentHash": "7T+m0kDSlIPTHIkPMIu6m6tV6qsMqJpvQWW2jIc2qi7sn40qxFo0q+7mEQAhMPXZHMKnWrnv47ntGlM/ejvw3g==",
        "dependencies": {
          "System.Security.Cryptography.ProtectedData": "6.0.0",
          "System.Security.Permissions": "6.0.0"
        }
      },
      "System.Diagnostics.DiagnosticSource": {
        "type": "Transitive",
        "resolved": "5.0.0",
        "contentHash": "tCQTzPsGZh/A9LhhA6zrqCRV4hOHsK90/G7q3Khxmn6tnB1PuNU0cRaKANP2AWcF9bn0zsuOoZOSrHuJk6oNBA=="
      },
      "System.Drawing.Common": {
        "type": "Transitive",
        "resolved": "6.0.0",
        "contentHash": "NfuoKUiP2nUWwKZN6twGqXioIe1zVD0RIj2t976A+czLHr2nY454RwwXs6JU9Htc6mwqL6Dn/nEL3dpVf2jOhg==",
        "dependencies": {
          "Microsoft.Win32.SystemEvents": "6.0.0"
        }
      },
      "System.Memory": {
        "type": "Transitive",
        "resolved": "4.5.4",
        "contentHash": "1MbJTHS1lZ4bS4FmsJjnuGJOu88ZzTT2rLvrhW7Ygic+pC0NWA+3hgAen0HRdsocuQXCkUTdFn9yHJJhsijDXw=="
      },
      "System.Reflection.Metadata": {
        "type": "Transitive",
        "resolved": "8.0.0",
        "contentHash": "ptvgrFh7PvWI8bcVqG5rsA/weWM09EnthFHR5SCnS6IN+P4mj6rE1lBDC4U8HL9/57htKAqy4KQ3bBj84cfYyQ==",
        "dependencies": {
          "System.Collections.Immutable": "8.0.0"
        }
      },
      "System.Runtime.CompilerServices.Unsafe": {
        "type": "Transitive",
        "resolved": "6.0.0",
        "contentHash": "/iUeP3tq1S0XdNNoMz5C9twLSrM/TH+qElHkXWaPvuNOt+99G75NrV0OS2EqHx5wMN7popYjpc8oTjC1y16DLg=="
      },
      "System.Security.AccessControl": {
        "type": "Transitive",
        "resolved": "6.0.0",
        "contentHash": "AUADIc0LIEQe7MzC+I0cl0rAT8RrTAKFHl53yHjEUzNVIaUlhFY11vc2ebiVJzVBuOzun6F7FBA+8KAbGTTedQ=="
      },
      "System.Security.Cryptography.ProtectedData": {
        "type": "Transitive",
        "resolved": "6.0.0",
        "contentHash": "rp1gMNEZpvx9vP0JW0oHLxlf8oSiQgtno77Y4PLUBjSiDYoD77Y8uXHr1Ea5XG4/pIKhqAdxZ8v8OTUtqo9PeQ=="
      },
      "System.Security.Permissions": {
        "type": "Transitive",
        "resolved": "6.0.0",
        "contentHash": "T/uuc7AklkDoxmcJ7LGkyX1CcSviZuLCa4jg3PekfJ7SU0niF0IVTXwUiNVP9DSpzou2PpxJ+eNY2IfDM90ZCg==",
        "dependencies": {
          "System.Security.AccessControl": "6.0.0",
          "System.Windows.Extensions": "6.0.0"
        }
      },
      "System.Text.Encodings.Web": {
        "type": "Transitive",
        "resolved": "6.0.1",
        "contentHash": "E5M5AE2OUTlCrf4omZvzzziUJO9CofBl+lXHaN5IKePPJvHqYFYYpaDPgCpR4VwaFbEebfnjOxxEBtPtsqAxpQ=="
      },
      "System.Text.Json": {
        "type": "Transitive",
        "resolved": "8.0.5",
        "contentHash": "0f1B50Ss7rqxXiaBJyzUu9bWFOO2/zSlifZ/UNMdiIpDYe4cY4LQQicP4nirK1OS31I43rn062UIJ1Q9bpmHpg=="
      },
      "System.Windows.Extensions": {
        "type": "Transitive",
        "resolved": "6.0.0",
        "contentHash": "IXoJOXIqc39AIe+CIR7koBtRGMiCt/LPM3lI+PELtDIy9XdyeSrwXFdWV9dzJ2Awl0paLWUaknLxFQ5HpHZUog==",
        "dependencies": {
          "System.Drawing.Common": "6.0.0"
        }
      }
    }
  }
}